
Microsoft Visual Studio Solution File, Format Version 12.00
# Visual Studio Version 16
VisualStudioVersion = 16.0.30717.126
MinimumVisualStudioVersion = 10.0.40219.1
Project("{9A19103F-16F7-4668-BE54-9A1E7A4F7556}") = "AdventOfCode", "AdventOfCode.csproj", "{04291F75-5D9D-42F5-9754-77B341A6AB89}"
EndProject
Project("{FAE04EC0-301F-11D3-BF4B-00C04F79EFBC}") = "AdventOfCode.Library", "..\AdventOfCode.Library\AdventOfCode.Library.csproj", "{B786FC34-7A23-4164-AFF3-ABACD99C7510}"
EndProject
Global
	GlobalSection(SolutionConfigurationPlatforms) = preSolution
		Debug|Any CPU = Debug|Any CPU
		Release|Any CPU = Release|Any CPU
	EndGlobalSection
	GlobalSection(ProjectConfigurationPlatforms) = postSolution
		{04291F75-5D9D-42F5-9754-77B341A6AB89}.Debug|Any CPU.ActiveCfg = Debug|Any CPU
		{04291F75-5D9D-42F5-9754-77B341A6AB89}.Debug|Any CPU.Build.0 = Debug|Any CPU
		{04291F75-5D9D-42F5-9754-77B341A6AB89}.Release|Any CPU.ActiveCfg = Release|Any CPU
		{04291F75-5D9D-42F5-9754-77B341A6AB89}.Release|Any CPU.Build.0 = Release|Any CPU
		{B786FC34-7A23-4164-AFF3-ABACD99C7510}.Debug|Any CPU.ActiveCfg = Debug|Any CPU
		{B786FC34-7A23-4164-AFF3-ABACD99C7510}.Debug|Any CPU.Build.0 = Debug|Any CPU
		{B786FC34-7A23-4164-AFF3-ABACD99C7510}.Release|Any CPU.ActiveCfg = Release|Any CPU
		{B786FC34-7A23-4164-AFF3-ABACD99C7510}.Release|Any CPU.Build.0 = Release|Any CPU
	EndGlobalSection
	GlobalSection(SolutionProperties) = preSolution
		HideSolutionNode = FALSE
	EndGlobalSection
	GlobalSection(ExtensibilityGlobals) = postSolution
		SolutionGuid = {5D3D6964-D966-481A-8019-D96ED678B05E}
	EndGlobalSection
EndGlobal
